
Microsoft Visual Studio Solution File, Format Version 12.00
# Visual Studio Version 17
VisualStudioVersion = 17.8.34330.188
MinimumVisualStudioVersion = 10.0.40219.1
Project("{FAE04EC0-301F-11D3-BF4B-00C04F79EFBC}") = "kkk", "kkk\kkk.csproj", "{4AA05105-2306-45D9-8F27-B178207FF3D6}"
EndProject
Global
	GlobalSection(SolutionConfigurationPlatforms) = preSolution
		Debug|Any CPU = Debug|Any CPU
		Release|Any CPU = Release|Any CPU
	EndGlobalSection
	GlobalSection(ProjectConfigurationPlatforms) = postSolution
		{4AA05105-2306-45D9-8F27-B178207FF3D6}.Debug|Any CPU.ActiveCfg = Debug|Any CPU
		{4AA05105-2306-45D9-8F27-B178207FF3D6}.Debug|Any CPU.Build.0 = Debug|Any CPU
		{4AA05105-2306-45D9-8F27-B178207FF3D6}.Release|Any CPU.ActiveCfg = Release|Any CPU
		{4AA05105-2306-45D9-8F27-B178207FF3D6}.Release|Any CPU.Build.0 = Release|Any CPU
	EndGlobalSection
	GlobalSection(SolutionProperties) = preSolution
		HideSolutionNode = FALSE
	EndGlobalSection
	GlobalSection(ExtensibilityGlobals) = postSolution
		SolutionGuid = {DB6936F3-6563-461F-8ACA-44470F2CC716}
	EndGlobalSection
EndGlobal
